
Microsoft Visual Studio Solution File, Format Version 12.00
# Visual Studio Version 17
VisualStudioVersion = 17.7.34031.279
MinimumVisualStudioVersion = 10.0.40219.1
Project("{FAE04EC0-301F-11D3-BF4B-00C04F79EFBC}") = "morbd", "morbd\morbd.csproj", "{634EC6A5-FE83-46E7-A4CE-7EF43264AA74}"
EndProject
Global
	GlobalSection(SolutionConfigurationPlatforms) = preSolution
		Debug|Any CPU = Debug|Any CPU
		Release|Any CPU = Release|Any CPU
	EndGlobalSection
	GlobalSection(ProjectConfigurationPlatforms) = postSolution
		{634EC6A5-FE83-46E7-A4CE-7EF43264AA74}.Debug|Any CPU.ActiveCfg = Debug|Any CPU
		{634EC6A5-FE83-46E7-A4CE-7EF43264AA74}.Debug|Any CPU.Build.0 = Debug|Any CPU
		{634EC6A5-FE83-46E7-A4CE-7EF43264AA74}.Release|Any CPU.ActiveCfg = Release|Any CPU
		{634EC6A5-FE83-46E7-A4CE-7EF43264AA74}.Release|Any CPU.Build.0 = Release|Any CPU
	EndGlobalSection
	GlobalSection(SolutionProperties) = preSolution
		HideSolutionNode = FALSE
	EndGlobalSection
	GlobalSection(ExtensibilityGlobals) = postSolution
		SolutionGuid = {8BDC9161-8C64-494A-A5E3-B8D94B164D09}
	EndGlobalSection
EndGlobal
